lockfileVersion: '6.0'

dependencies:
  echarts:
    specifier: ^5.4.3
    version: 5.4.3

packages:

  /echarts@5.4.3:
    resolution: {integrity: sha512-mYKxLxhzy6zyTi/FaEbJMOZU1ULGEQHaeIeuMR5L+JnJTpz+YR03mnnpBhbR4+UYJAgiXgpyTVLffPAjOTLkZA==}
    dependencies:
      tslib: 2.3.0
      zrender: 5.4.4
    dev: false

  /tslib@2.3.0:
    resolution: {integrity: sha512-N82ooyxVNm6h1riLCoyS9e3fuJ3AMG2zIZs2Gd1ATcSFjSA23Q0fzjjZeh0jbJvWVDZ0cJT8yaNNaaXHzueNjg==}
    dev: false

  /zrender@5.4.4:
    resolution: {integrity: sha512-0VxCNJ7AGOMCWeHVyTrGzUgrK4asT4ml9PEkeGirAkKNYXYzoPJCLvmyfdoOXcjTHPs10OZVMfD1Rwg16AZyYw==}
    dependencies:
      tslib: 2.3.0
    dev: false
