lockfileVersion: '6.0'

dependencies:
  bootstrap:
    specifier: ^5.2.3
    version: 5.2.3(@popperjs/core@2.11.7)
  jquery:
    specifier: ^3.6.4
    version: 3.6.4
  knockout:
    specifier: ^3.5.1
    version: 3.5.1

packages:

  /@popperjs/core@2.11.7:
    resolution: {integrity: sha512-Cr4OjIkipTtcXKjAsm8agyleBuDHvxzeBoa1v543lbv1YaIwQjESsVcmjiWiPEbC1FIeHOG/Op9kdCmAmiS3Kw==}
    dev: false

  /bootstrap@5.2.3(@popperjs/core@2.11.7):
    resolution: {integrity: sha512-cEKPM+fwb3cT8NzQZYEu4HilJ3anCrWqh3CHAok1p9jXqMPsPTBhU25fBckEJHJ/p+tTxTFTsFQGM+gaHpi3QQ==}
    peerDependencies:
      '@popperjs/core': ^2.11.6
    dependencies:
      '@popperjs/core': 2.11.7
    dev: false

  /jquery@3.6.4:
    resolution: {integrity: sha512-v28EW9DWDFpzcD9O5iyJXg3R3+q+mET5JhnjJzQUZMHOv67bpSIHq81GEYpPNZHG+XXHsfSme3nxp/hndKEcsQ==}
    dev: false

  /knockout@3.5.1:
    resolution: {integrity: sha512-wRJ9I4az0QcsH7A4v4l0enUpkS++MBx0BnL/68KaLzJg7x1qmbjSlwEoCNol7KTYZ+pmtI7Eh2J0Nu6/2Z5J/Q==}
    dev: false
