lockfileVersion: 5.4

specifiers:
  typescript: 3.9.2

dependencies:
  typescript: registry.npmmirror.com/typescript/3.9.2

packages:

  registry.npmmirror.com/typescript/3.9.2:
    resolution: {integrity: sha512-q2ktq4n/uLuNNShyayit+DTobV2ApPEo/6so68JaD5ojvc/6GClBipedB9zNWYxRSAlZXAe405Rlijzl6qDiSw==, registry: https://registry.npm.taobao.org/, tarball: https://registry.npmmirror.com/typescript/-/typescript-3.9.2.tgz}
    name: typescript
    version: 3.9.2
    engines: {node: '>=4.2.0'}
    hasBin: true
    dev: false
