{
  "name": "test",
  "version": "1.0.0",
  "lockfileVersion": 1,
  "requires": true,
  "dependencies": {
    "@leizl/binary": {
      "version": "0.0.4",
      "resolved": "https://registry.npmjs.org/@leizl/binary/-/binary-0.0.4.tgz",
      "integrity": "sha512-mbWeQk2asQTpKhfomjsrb/jyZ1OfhaBSM9EVxwxIhHYrgET6Dm3NWcNYJd98kOavWmmV6+2y6RaOh3sA40rwmQ=="
    }
  }
}
